
Microsoft Visual Studio Solution File, Format Version 12.00
# Visual Studio 15
VisualStudioVersion = 15.0.27428.2015
MinimumVisualStudioVersion = 10.0.40219.1
Project("{FAE04EC0-301F-11D3-BF4B-00C04F79EFBC}") = "CreditCardStatmentImporterToCSV", "CreditCardStatmentImporterToCSV\CreditCardStatmentImporterToCSV.csproj", "{C149F334-4505-4978-80DA-9F731719D4DD}"
EndProject
Global
	GlobalSection(SolutionConfigurationPlatforms) = preSolution
		Debug|Any CPU = Debug|Any CPU
		Release|Any CPU = Release|Any CPU
	EndGlobalSection
	GlobalSection(ProjectConfigurationPlatforms) = postSolution
		{C149F334-4505-4978-80DA-9F731719D4DD}.Debug|Any CPU.ActiveCfg = Debug|Any CPU
		{C149F334-4505-4978-80DA-9F731719D4DD}.Debug|Any CPU.Build.0 = Debug|Any CPU
		{C149F334-4505-4978-80DA-9F731719D4DD}.Release|Any CPU.ActiveCfg = Release|Any CPU
		{C149F334-4505-4978-80DA-9F731719D4DD}.Release|Any CPU.Build.0 = Release|Any CPU
	EndGlobalSection
	GlobalSection(SolutionProperties) = preSolution
		HideSolutionNode = FALSE
	EndGlobalSection
	GlobalSection(ExtensibilityGlobals) = postSolution
		SolutionGuid = {CBDF7AF0-1F63-4B95-8122-FCAAEE4CBC34}
	EndGlobalSection
EndGlobal
